
Microsoft Visual Studio Solution File, Format Version 12.00
# Visual Studio Version 17
VisualStudioVersion = 17.10.34928.147
MinimumVisualStudioVersion = 10.0.40219.1
Project("{FAE04EC0-301F-11D3-BF4B-00C04F79EFBC}") = "pansiyon", "pansiyon\pansiyon.csproj", "{906E1B0D-E7ED-4441-9613-385A3EE3D1C6}"
EndProject
Global
	GlobalSection(SolutionConfigurationPlatforms) = preSolution
		Debug|Any CPU = Debug|Any CPU
		Release|Any CPU = Release|Any CPU
	EndGlobalSection
	GlobalSection(ProjectConfigurationPlatforms) = postSolution
		{906E1B0D-E7ED-4441-9613-385A3EE3D1C6}.Debug|Any CPU.ActiveCfg = Debug|Any CPU
		{906E1B0D-E7ED-4441-9613-385A3EE3D1C6}.Debug|Any CPU.Build.0 = Debug|Any CPU
		{906E1B0D-E7ED-4441-9613-385A3EE3D1C6}.Release|Any CPU.ActiveCfg = Release|Any CPU
		{906E1B0D-E7ED-4441-9613-385A3EE3D1C6}.Release|Any CPU.Build.0 = Release|Any CPU
	EndGlobalSection
	GlobalSection(SolutionProperties) = preSolution
		HideSolutionNode = FALSE
	EndGlobalSection
	GlobalSection(ExtensibilityGlobals) = postSolution
		SolutionGuid = {359C25D9-00B6-4D84-AFF4-1992A231CADB}
	EndGlobalSection
EndGlobal
